
Microsoft Visual Studio Solution File, Format Version 12.00
# Visual Studio Version 16
VisualStudioVersion = 16.0.31624.102
MinimumVisualStudioVersion = 10.0.40219.1
Project("{FAE04EC0-301F-11D3-BF4B-00C04F79EFBC}") = "Account", "Account\Account.csproj", "{74E671AE-19F9-4030-A239-02386B078BE7}"
EndProject
Global
	GlobalSection(SolutionConfigurationPlatforms) = preSolution
		Debug|Any CPU = Debug|Any CPU
		Release|Any CPU = Release|Any CPU
	EndGlobalSection
	GlobalSection(ProjectConfigurationPlatforms) = postSolution
		{74E671AE-19F9-4030-A239-02386B078BE7}.Debug|Any CPU.ActiveCfg = Debug|Any CPU
		{74E671AE-19F9-4030-A239-02386B078BE7}.Debug|Any CPU.Build.0 = Debug|Any CPU
		{74E671AE-19F9-4030-A239-02386B078BE7}.Release|Any CPU.ActiveCfg = Release|Any CPU
		{74E671AE-19F9-4030-A239-02386B078BE7}.Release|Any CPU.Build.0 = Release|Any CPU
	EndGlobalSection
	GlobalSection(SolutionProperties) = preSolution
		HideSolutionNode = FALSE
	EndGlobalSection
	GlobalSection(ExtensibilityGlobals) = postSolution
		SolutionGuid = {2737887E-B639-4296-A19B-66291E208F5C}
	EndGlobalSection
EndGlobal
